{
  "name": "client",
  "version": "1.0.0",
  "lockfileVersion": 2,
  "requires": true,
  "packages": {
    "": {
      "name": "client",
      "version": "1.0.0",
      "license": "MIT",
      "dependencies": {
        "twirpscript": "^0.0.45"
      }
    },
    "node_modules/@types/google-protobuf": {
      "version": "3.15.5",
      "resolved": "https://registry.npmjs.org/@types/google-protobuf/-/google-protobuf-3.15.5.tgz",
      "integrity": "sha512-6bgv24B+A2bo9AfzReeg5StdiijKzwwnRflA8RLd1V4Yv995LeTmo0z69/MPbBDFSiZWdZHQygLo/ccXhMEDgw=="
    },
    "node_modules/google-protobuf": {
      "version": "3.19.4",
      "resolved": "https://registry.npmjs.org/google-protobuf/-/google-protobuf-3.19.4.tgz",
      "integrity": "sha512-OIPNCxsG2lkIvf+P5FNfJ/Km95CsXOBecS9ZcAU6m2Rq3svc0Apl9nB3GMDNKfQ9asNv4KjyAqGwPQFrVle3Yg=="
    },
    "node_modules/prettier": {
      "version": "2.5.1",
      "resolved": "https://registry.npmjs.org/prettier/-/prettier-2.5.1.tgz",
      "integrity": "sha512-vBZcPRUR5MZJwoyi3ZoyQlc1rXeEck8KgeC9AwwOn+exuxLxq5toTRDTSaVrXHxelDMHy9zlicw8u66yxoSUFg==",
      "bin": {
        "prettier": "bin-prettier.js"
      },
      "engines": {
        "node": ">=10.13.0"
      }
    },
    "node_modules/twirpscript": {
      "version": "0.0.45",
      "resolved": "https://registry.npmjs.org/twirpscript/-/twirpscript-0.0.45.tgz",
      "integrity": "sha512-yZ6A6BWaR2ozSbirWT3efqOxFPUahaJKltUGQaRWYEDLPSm9tpeK8IpqKP/pw0EnTxKLjgXYtSM1RlbAERvItw==",
      "dependencies": {
        "@types/google-protobuf": "^3.15.3",
        "google-protobuf": "^3.19.3",
        "prettier": "^2.5.1"
      },
      "bin": {
        "twirpscript": "dist/cli/index.js"
      }
    }
  },
  "dependencies": {
    "@types/google-protobuf": {
      "version": "3.15.5",
      "resolved": "https://registry.npmjs.org/@types/google-protobuf/-/google-protobuf-3.15.5.tgz",
      "integrity": "sha512-6bgv24B+A2bo9AfzReeg5StdiijKzwwnRflA8RLd1V4Yv995LeTmo0z69/MPbBDFSiZWdZHQygLo/ccXhMEDgw=="
    },
    "google-protobuf": {
      "version": "3.19.4",
      "resolved": "https://registry.npmjs.org/google-protobuf/-/google-protobuf-3.19.4.tgz",
      "integrity": "sha512-OIPNCxsG2lkIvf+P5FNfJ/Km95CsXOBecS9ZcAU6m2Rq3svc0Apl9nB3GMDNKfQ9asNv4KjyAqGwPQFrVle3Yg=="
    },
    "prettier": {
      "version": "2.5.1",
      "resolved": "https://registry.npmjs.org/prettier/-/prettier-2.5.1.tgz",
      "integrity": "sha512-vBZcPRUR5MZJwoyi3ZoyQlc1rXeEck8KgeC9AwwOn+exuxLxq5toTRDTSaVrXHxelDMHy9zlicw8u66yxoSUFg=="
    },
    "twirpscript": {
      "version": "0.0.45",
      "resolved": "https://registry.npmjs.org/twirpscript/-/twirpscript-0.0.45.tgz",
      "integrity": "sha512-yZ6A6BWaR2ozSbirWT3efqOxFPUahaJKltUGQaRWYEDLPSm9tpeK8IpqKP/pw0EnTxKLjgXYtSM1RlbAERvItw==",
      "requires": {
        "@types/google-protobuf": "^3.15.3",
        "google-protobuf": "^3.19.3",
        "prettier": "^2.5.1"
      }
    }
  }
}
